
Microsoft Visual Studio Solution File, Format Version 12.00
# Visual Studio Version 17
VisualStudioVersion = 17.4.33213.308
MinimumVisualStudioVersion = 10.0.40219.1
Project("{FAE04EC0-301F-11D3-BF4B-00C04F79EFBC}") = "proyecto-final+arellano", "proyecto-final+arellano\proyecto-final+arellano.csproj", "{536EA855-891C-4E69-B646-64D7C2221EE8}"
EndProject
Global
	GlobalSection(SolutionConfigurationPlatforms) = preSolution
		Debug|Any CPU = Debug|Any CPU
		Release|Any CPU = Release|Any CPU
	EndGlobalSection
	GlobalSection(ProjectConfigurationPlatforms) = postSolution
		{536EA855-891C-4E69-B646-64D7C2221EE8}.Debug|Any CPU.ActiveCfg = Debug|Any CPU
		{536EA855-891C-4E69-B646-64D7C2221EE8}.Debug|Any CPU.Build.0 = Debug|Any CPU
		{536EA855-891C-4E69-B646-64D7C2221EE8}.Release|Any CPU.ActiveCfg = Release|Any CPU
		{536EA855-891C-4E69-B646-64D7C2221EE8}.Release|Any CPU.Build.0 = Release|Any CPU
	EndGlobalSection
	GlobalSection(SolutionProperties) = preSolution
		HideSolutionNode = FALSE
	EndGlobalSection
	GlobalSection(ExtensibilityGlobals) = postSolution
		SolutionGuid = {0E70D118-E69A-4C78-84BF-CB30FB1BDA77}
	EndGlobalSection
EndGlobal
